// !$*UTF8*$!
{
	archiveVersion = 1;
	classes = {
	};
	objectVersion = 50;
	objects = {

/* Begin PBXBuildFile section */
		A8189CFD225EC7E1009AD099 /* Player.swift in Sources */ = {isa = PBXBuildFile; fileRef = A8189CFC225EC7E1009AD099 /* Player.swift */; };
		A882B1AB225E0CA50064B6D0 /* AppDelegate.swift in Sources */ = {isa = PBXBuildFile; fileRef = A882B1AA225E0CA50064B6D0 /* AppDelegate.swift */; };
		A882B1AD225E0CA50064B6D0 /* MainViewController.swift in Sources */ = {isa = PBXBuildFile; fileRef = A882B1AC225E0CA50064B6D0 /* MainViewController.swift */; };
		A882B1AF225E0CA80064B6D0 /* Assets.xcassets in Resources */ = {isa = PBXBuildFile; fileRef = A882B1AE225E0CA80064B6D0 /* Assets.xcassets */; };
		A882B1B2225E0CA80064B6D0 /* Main.storyboard in Resources */ = {isa = PBXBuildFile; fileRef = A882B1B0225E0CA80064B6D0 /* Main.storyboard */; };
		A882B1BE225E0CA80064B6D0 /* HockeyArenaCalculatorTests.swift in Sources */ = {isa = PBXBuildFile; fileRef = A882B1BD225E0CA80064B6D0 /* HockeyArenaCalculatorTests.swift */; };
		A882B1C9225E0CA80064B6D0 /* HockeyArenaCalculatorUITests.swift in Sources */ = {isa = PBXBuildFile; fileRef = A882B1C8225E0CA80064B6D0 /* HockeyArenaCalculatorUITests.swift */; };
		A8A6F8502265FFEB00ADC352 /* MenuCell.swift in Sources */ = {isa = PBXBuildFile; fileRef = A8A6F84F2265FFEB00ADC352 /* MenuCell.swift */; };
		A8A6F8542266117B00ADC352 /* PlayersViewModel.swift in Sources */ = {isa = PBXBuildFile; fileRef = A8A6F8532266117B00ADC352 /* PlayersViewModel.swift */; };
		A8A6F857226614B900ADC352 /* PlayersView.swift in Sources */ = {isa = PBXBuildFile; fileRef = A8A6F856226614B900ADC352 /* PlayersView.swift */; };
		A8A6F85C226617AD00ADC352 /* MenuView.swift in Sources */ = {isa = PBXBuildFile; fileRef = A8A6F85B226617AD00ADC352 /* MenuView.swift */; };
		A8A6F85E2266210900ADC352 /* MenuTableView.swift in Sources */ = {isa = PBXBuildFile; fileRef = A8A6F85D2266210900ADC352 /* MenuTableView.swift */; };
		A8A6F8612266ADF400ADC352 /* StyleGuide.swift in Sources */ = {isa = PBXBuildFile; fileRef = A8A6F8602266ADF400ADC352 /* StyleGuide.swift */; };
		A8A6F86B226768C700ADC352 /* MenuCellModel.swift in Sources */ = {isa = PBXBuildFile; fileRef = A8A6F86A226768C700ADC352 /* MenuCellModel.swift */; };
		A8B551942264B93F002FB5EA /* MainViewModel.swift in Sources */ = {isa = PBXBuildFile; fileRef = A8B551932264B93F002FB5EA /* MainViewModel.swift */; };
		A8E7182F2260D00B0004920F /* MainMenu.swift in Sources */ = {isa = PBXBuildFile; fileRef = A8E7182E2260D00B0004920F /* MainMenu.swift */; };
		B88C226946AFFA23DF000566 /* Pods_HockeyArenaCalculator.framework in Frameworks */ = {isa = PBXBuildFile; fileRef = 3B657A1DD92040951DF6DC23 /* Pods_HockeyArenaCalculator.framework */; };
/* End PBXBuildFile section */

/* Begin PBXContainerItemProxy section */
		A882B1BA225E0CA80064B6D0 /* PBXContainerItemProxy */ = {
			isa = PBXContainerItemProxy;
			containerPortal = A882B19F225E0CA50064B6D0 /* Project object */;
			proxyType = 1;
			remoteGlobalIDString = A882B1A6225E0CA50064B6D0;
			remoteInfo = HockeyArenaCalculator;
		};
		A882B1C5225E0CA80064B6D0 /* PBXContainerItemProxy */ = {
			isa = PBXContainerItemProxy;
			containerPortal = A882B19F225E0CA50064B6D0 /* Project object */;
			proxyType = 1;
			remoteGlobalIDString = A882B1A6225E0CA50064B6D0;
			remoteInfo = HockeyArenaCalculator;
		};
/* End PBXContainerItemProxy section */

/* Begin PBXFileReference section */
		039ECBD74E533708832206C0 /* Pods-HockeyArenaCalculator.release.xcconfig */ = {isa = PBXFileReference; includeInIndex = 1; lastKnownFileType = text.xcconfig; name = "Pods-HockeyArenaCalculator.release.xcconfig"; path = "Target Support Files/Pods-HockeyArenaCalculator/Pods-HockeyArenaCalculator.release.xcconfig"; sourceTree = "<group>"; };
		3B657A1DD92040951DF6DC23 /* Pods_HockeyArenaCalculator.framework */ = {isa = PBXFileReference; explicitFileType = wrapper.framework; includeInIndex = 0; path = Pods_HockeyArenaCalculator.framework; sourceTree = BUILT_PRODUCTS_DIR; };
		A8189CFC225EC7E1009AD099 /* Player.swift */ = {isa = PBXFileReference; lastKnownFileType = sourcecode.swift; path = Player.swift; sourceTree = "<group>"; };
		A882B1A7225E0CA50064B6D0 /* HockeyArenaCalculator.app */ = {isa = PBXFileReference; explicitFileType = wrapper.application; includeInIndex = 0; path = HockeyArenaCalculator.app; sourceTree = BUILT_PRODUCTS_DIR; };
		A882B1AA225E0CA50064B6D0 /* AppDelegate.swift */ = {isa = PBXFileReference; lastKnownFileType = sourcecode.swift; path = AppDelegate.swift; sourceTree = "<group>"; };
		A882B1AC225E0CA50064B6D0 /* MainViewController.swift */ = {isa = PBXFileReference; lastKnownFileType = sourcecode.swift; path = MainViewController.swift; sourceTree = "<group>"; };
		A882B1AE225E0CA80064B6D0 /* Assets.xcassets */ = {isa = PBXFileReference; lastKnownFileType = folder.assetcatalog; path = Assets.xcassets; sourceTree = "<group>"; };
		A882B1B1225E0CA80064B6D0 /* Base */ = {isa = PBXFileReference; lastKnownFileType = file.storyboard; name = Base; path = Base.lproj/Main.storyboard; sourceTree = "<group>"; };
		A882B1B3225E0CA80064B6D0 /* Info.plist */ = {isa = PBXFileReference; lastKnownFileType = text.plist.xml; path = Info.plist; sourceTree = "<group>"; };
		A882B1B4225E0CA80064B6D0 /* HockeyArenaCalculator.entitlements */ = {isa = PBXFileReference; lastKnownFileType = text.plist.entitlements; path = HockeyArenaCalculator.entitlements; sourceTree = "<group>"; };
		A882B1B9225E0CA80064B6D0 /* HockeyArenaCalculatorTests.xctest */ = {isa = PBXFileReference; explicitFileType = wrapper.cfbundle; includeInIndex = 0; path = HockeyArenaCalculatorTests.xctest; sourceTree = BUILT_PRODUCTS_DIR; };
		A882B1BD225E0CA80064B6D0 /* HockeyArenaCalculatorTests.swift */ = {isa = PBXFileReference; lastKnownFileType = sourcecode.swift; path = HockeyArenaCalculatorTests.swift; sourceTree = "<group>"; };
		A882B1BF225E0CA80064B6D0 /* Info.plist */ = {isa = PBXFileReference; lastKnownFileType = text.plist.xml; path = Info.plist; sourceTree = "<group>"; };
		A882B1C4225E0CA80064B6D0 /* HockeyArenaCalculatorUITests.xctest */ = {isa = PBXFileReference; explicitFileType = wrapper.cfbundle; includeInIndex = 0; path = HockeyArenaCalculatorUITests.xctest; sourceTree = BUILT_PRODUCTS_DIR; };
		A882B1C8225E0CA80064B6D0 /* HockeyArenaCalculatorUITests.swift */ = {isa = PBXFileReference; lastKnownFileType = sourcecode.swift; path = HockeyArenaCalculatorUITests.swift; sourceTree = "<group>"; };
		A882B1CA225E0CA80064B6D0 /* Info.plist */ = {isa = PBXFileReference; lastKnownFileType = text.plist.xml; path = Info.plist; sourceTree = "<group>"; };
		A8A6F84F2265FFEB00ADC352 /* MenuCell.swift */ = {isa = PBXFileReference; fileEncoding = 4; lastKnownFileType = sourcecode.swift; path = MenuCell.swift; sourceTree = "<group>"; };
		A8A6F8532266117B00ADC352 /* PlayersViewModel.swift */ = {isa = PBXFileReference; lastKnownFileType = sourcecode.swift; path = PlayersViewModel.swift; sourceTree = "<group>"; };
		A8A6F856226614B900ADC352 /* PlayersView.swift */ = {isa = PBXFileReference; fileEncoding = 4; lastKnownFileType = sourcecode.swift; path = PlayersView.swift; sourceTree = "<group>"; };
		A8A6F85B226617AD00ADC352 /* MenuView.swift */ = {isa = PBXFileReference; lastKnownFileType = sourcecode.swift; path = MenuView.swift; sourceTree = "<group>"; };
		A8A6F85D2266210900ADC352 /* MenuTableView.swift */ = {isa = PBXFileReference; fileEncoding = 4; lastKnownFileType = sourcecode.swift; path = MenuTableView.swift; sourceTree = "<group>"; };
		A8A6F8602266ADF400ADC352 /* StyleGuide.swift */ = {isa = PBXFileReference; lastKnownFileType = sourcecode.swift; path = StyleGuide.swift; sourceTree = "<group>"; };
		A8A6F86A226768C700ADC352 /* MenuCellModel.swift */ = {isa = PBXFileReference; lastKnownFileType = sourcecode.swift; path = MenuCellModel.swift; sourceTree = "<group>"; };
		A8B551932264B93F002FB5EA /* MainViewModel.swift */ = {isa = PBXFileReference; lastKnownFileType = sourcecode.swift; path = MainViewModel.swift; sourceTree = "<group>"; };
		A8E7182E2260D00B0004920F /* MainMenu.swift */ = {isa = PBXFileReference; lastKnownFileType = sourcecode.swift; path = MainMenu.swift; sourceTree = "<group>"; };
		D29C0D37E5F2A1A86344310B /* Pods-HockeyArenaCalculator.debug.xcconfig */ = {isa = PBXFileReference; includeInIndex = 1; lastKnownFileType = text.xcconfig; name = "Pods-HockeyArenaCalculator.debug.xcconfig"; path = "Target Support Files/Pods-HockeyArenaCalculator/Pods-HockeyArenaCalculator.debug.xcconfig"; sourceTree = "<group>"; };
/* End PBXFileReference section */

/* Begin PBXFrameworksBuildPhase section */
		A882B1A4225E0CA50064B6D0 /* Frameworks */ = {
			isa = PBXFrameworksBuildPhase;
			buildActionMask = 2147483647;
			files = (
				B88C226946AFFA23DF000566 /* Pods_HockeyArenaCalculator.framework in Frameworks */,
			);
			runOnlyForDeploymentPostprocessing = 0;
		};
		A882B1B6225E0CA80064B6D0 /* Frameworks */ = {
			isa = PBXFrameworksBuildPhase;
			buildActionMask = 2147483647;
			files = (
			);
			runOnlyForDeploymentPostprocessing = 0;
		};
		A882B1C1225E0CA80064B6D0 /* Frameworks */ = {
			isa = PBXFrameworksBuildPhase;
			buildActionMask = 2147483647;
			files = (
			);
			runOnlyForDeploymentPostprocessing = 0;
		};
/* End PBXFrameworksBuildPhase section */

/* Begin PBXGroup section */
		76E7068AE55CF1BC35923E84 /* Pods */ = {
			isa = PBXGroup;
			children = (
				D29C0D37E5F2A1A86344310B /* Pods-HockeyArenaCalculator.debug.xcconfig */,
				039ECBD74E533708832206C0 /* Pods-HockeyArenaCalculator.release.xcconfig */,
			);
			path = Pods;
			sourceTree = "<group>";
		};
		A8189CF9225E1A35009AD099 /* Views */ = {
			isa = PBXGroup;
			children = (
				A8A6F84E2265FFEB00ADC352 /* Cells */,
				A8A6F84C2265FC9100ADC352 /* Controllers */,
				A8A6F8482265FC3C00ADC352 /* Views */,
			);
			path = Views;
			sourceTree = "<group>";
		};
		A8189CFA225E1A3C009AD099 /* Models */ = {
			isa = PBXGroup;
			children = (
				A8189CFC225EC7E1009AD099 /* Player.swift */,
				A8E7182E2260D00B0004920F /* MainMenu.swift */,
				A8A6F85B226617AD00ADC352 /* MenuView.swift */,
			);
			path = Models;
			sourceTree = "<group>";
		};
		A8189CFB225E1A47009AD099 /* Library */ = {
			isa = PBXGroup;
			children = (
				A8A6F8602266ADF400ADC352 /* StyleGuide.swift */,
			);
			path = Library;
			sourceTree = "<group>";
		};
		A882B19E225E0CA50064B6D0 = {
			isa = PBXGroup;
			children = (
				A882B1A9225E0CA50064B6D0 /* HockeyArenaCalculator */,
				A882B1BC225E0CA80064B6D0 /* HockeyArenaCalculatorTests */,
				A882B1C7225E0CA80064B6D0 /* HockeyArenaCalculatorUITests */,
				A882B1A8225E0CA50064B6D0 /* Products */,
				76E7068AE55CF1BC35923E84 /* Pods */,
				DDE3DCC9B1B8E6810C64C8C5 /* Frameworks */,
			);
			sourceTree = "<group>";
		};
		A882B1A8225E0CA50064B6D0 /* Products */ = {
			isa = PBXGroup;
			children = (
				A882B1A7225E0CA50064B6D0 /* HockeyArenaCalculator.app */,
				A882B1B9225E0CA80064B6D0 /* HockeyArenaCalculatorTests.xctest */,
				A882B1C4225E0CA80064B6D0 /* HockeyArenaCalculatorUITests.xctest */,
			);
			name = Products;
			sourceTree = "<group>";
		};
		A882B1A9225E0CA50064B6D0 /* HockeyArenaCalculator */ = {
			isa = PBXGroup;
			children = (
				A8189CFB225E1A47009AD099 /* Library */,
				A8189CFA225E1A3C009AD099 /* Models */,
				A8189CF9225E1A35009AD099 /* Views */,
				A8B551922264B91E002FB5EA /* ViewModels */,
				A882B1AA225E0CA50064B6D0 /* AppDelegate.swift */,
				A882B1AE225E0CA80064B6D0 /* Assets.xcassets */,
				A882B1B0225E0CA80064B6D0 /* Main.storyboard */,
				A882B1B3225E0CA80064B6D0 /* Info.plist */,
				A882B1B4225E0CA80064B6D0 /* HockeyArenaCalculator.entitlements */,
			);
			path = HockeyArenaCalculator;
			sourceTree = "<group>";
		};
		A882B1BC225E0CA80064B6D0 /* HockeyArenaCalculatorTests */ = {
			isa = PBXGroup;
			children = (
				A882B1BD225E0CA80064B6D0 /* HockeyArenaCalculatorTests.swift */,
				A882B1BF225E0CA80064B6D0 /* Info.plist */,
			);
			path = HockeyArenaCalculatorTests;
			sourceTree = "<group>";
		};
		A882B1C7225E0CA80064B6D0 /* HockeyArenaCalculatorUITests */ = {
			isa = PBXGroup;
			children = (
				A882B1C8225E0CA80064B6D0 /* HockeyArenaCalculatorUITests.swift */,
				A882B1CA225E0CA80064B6D0 /* Info.plist */,
			);
			path = HockeyArenaCalculatorUITests;
			sourceTree = "<group>";
		};
		A8A6F8482265FC3C00ADC352 /* Views */ = {
			isa = PBXGroup;
			children = (
				A8A6F85D2266210900ADC352 /* MenuTableView.swift */,
				A8A6F856226614B900ADC352 /* PlayersView.swift */,
			);
			path = Views;
			sourceTree = "<group>";
		};
		A8A6F84C2265FC9100ADC352 /* Controllers */ = {
			isa = PBXGroup;
			children = (
				A882B1AC225E0CA50064B6D0 /* MainViewController.swift */,
			);
			path = Controllers;
			sourceTree = "<group>";
		};
		A8A6F84E2265FFEB00ADC352 /* Cells */ = {
			isa = PBXGroup;
			children = (
				A8A6F84F2265FFEB00ADC352 /* MenuCell.swift */,
			);
			path = Cells;
			sourceTree = "<group>";
		};
		A8A6F869226768C000ADC352 /* Cells */ = {
			isa = PBXGroup;
			children = (
				A8A6F86A226768C700ADC352 /* MenuCellModel.swift */,
			);
			path = Cells;
			sourceTree = "<group>";
		};
		A8B551922264B91E002FB5EA /* ViewModels */ = {
			isa = PBXGroup;
			children = (
				A8A6F869226768C000ADC352 /* Cells */,
				A8B551932264B93F002FB5EA /* MainViewModel.swift */,
				A8A6F8532266117B00ADC352 /* PlayersViewModel.swift */,
			);
			path = ViewModels;
			sourceTree = "<group>";
		};
		DDE3DCC9B1B8E6810C64C8C5 /* Frameworks */ = {
			isa = PBXGroup;
			children = (
				3B657A1DD92040951DF6DC23 /* Pods_HockeyArenaCalculator.framework */,
			);
			name = Frameworks;
			sourceTree = "<group>";
		};
/* End PBXGroup section */

/* Begin PBXNativeTarget section */
		A882B1A6225E0CA50064B6D0 /* HockeyArenaCalculator */ = {
			isa = PBXNativeTarget;
			buildConfigurationList = A882B1CD225E0CA80064B6D0 /* Build configuration list for PBXNativeTarget "HockeyArenaCalculator" */;
			buildPhases = (
				F5A3D1A3C6BA5CF75F9F1F01 /* [CP] Check Pods Manifest.lock */,
				A882B1A3225E0CA50064B6D0 /* Sources */,
				A882B1A4225E0CA50064B6D0 /* Frameworks */,
				A882B1A5225E0CA50064B6D0 /* Resources */,
				B3FB4BA39C58688401AB1418 /* [CP] Embed Pods Frameworks */,
			);
			buildRules = (
			);
			dependencies = (
			);
			name = HockeyArenaCalculator;
			productName = HockeyArenaCalculator;
			productReference = A882B1A7225E0CA50064B6D0 /* HockeyArenaCalculator.app */;
			productType = "com.apple.product-type.application";
		};
		A882B1B8225E0CA80064B6D0 /* HockeyArenaCalculatorTests */ = {
			isa = PBXNativeTarget;
			buildConfigurationList = A882B1D0225E0CA80064B6D0 /* Build configuration list for PBXNativeTarget "HockeyArenaCalculatorTests" */;
			buildPhases = (
				A882B1B5225E0CA80064B6D0 /* Sources */,
				A882B1B6225E0CA80064B6D0 /* Frameworks */,
				A882B1B7225E0CA80064B6D0 /* Resources */,
			);
			buildRules = (
			);
			dependencies = (
				A882B1BB225E0CA80064B6D0 /* PBXTargetDependency */,
			);
			name = HockeyArenaCalculatorTests;
			productName = HockeyArenaCalculatorTests;
			productReference = A882B1B9225E0CA80064B6D0 /* HockeyArenaCalculatorTests.xctest */;
			productType = "com.apple.product-type.bundle.unit-test";
		};
		A882B1C3225E0CA80064B6D0 /* HockeyArenaCalculatorUITests */ = {
			isa = PBXNativeTarget;
			buildConfigurationList = A882B1D3225E0CA80064B6D0 /* Build configuration list for PBXNativeTarget "HockeyArenaCalculatorUITests" */;
			buildPhases = (
				A882B1C0225E0CA80064B6D0 /* Sources */,
				A882B1C1225E0CA80064B6D0 /* Frameworks */,
				A882B1C2225E0CA80064B6D0 /* Resources */,
			);
			buildRules = (
			);
			dependencies = (
				A882B1C6225E0CA80064B6D0 /* PBXTargetDependency */,
			);
			name = HockeyArenaCalculatorUITests;
			productName = HockeyArenaCalculatorUITests;
			productReference = A882B1C4225E0CA80064B6D0 /* HockeyArenaCalculatorUITests.xctest */;
			productType = "com.apple.product-type.bundle.ui-testing";
		};
/* End PBXNativeTarget section */

/* Begin PBXProject section */
		A882B19F225E0CA50064B6D0 /* Project object */ = {
			isa = PBXProject;
			attributes = {
				LastSwiftUpdateCheck = 1020;
				LastUpgradeCheck = 1020;
				ORGANIZATIONNAME = Fernando;
				TargetAttributes = {
					A882B1A6225E0CA50064B6D0 = {
						CreatedOnToolsVersion = 10.2;
					};
					A882B1B8225E0CA80064B6D0 = {
						CreatedOnToolsVersion = 10.2;
						TestTargetID = A882B1A6225E0CA50064B6D0;
					};
					A882B1C3225E0CA80064B6D0 = {
						CreatedOnToolsVersion = 10.2;
						TestTargetID = A882B1A6225E0CA50064B6D0;
					};
				};
			};
			buildConfigurationList = A882B1A2225E0CA50064B6D0 /* Build configuration list for PBXProject "HockeyArenaCalculator" */;
			compatibilityVersion = "Xcode 9.3";
			developmentRegion = en;
			hasScannedForEncodings = 0;
			knownRegions = (
				en,
				Base,
			);
			mainGroup = A882B19E225E0CA50064B6D0;
			productRefGroup = A882B1A8225E0CA50064B6D0 /* Products */;
			projectDirPath = "";
			projectRoot = "";
			targets = (
				A882B1A6225E0CA50064B6D0 /* HockeyArenaCalculator */,
				A882B1B8225E0CA80064B6D0 /* HockeyArenaCalculatorTests */,
				A882B1C3225E0CA80064B6D0 /* HockeyArenaCalculatorUITests */,
			);
		};
/* End PBXProject section */

/* Begin PBXResourcesBuildPhase section */
		A882B1A5225E0CA50064B6D0 /* Resources */ = {
			isa = PBXResourcesBuildPhase;
			buildActionMask = 2147483647;
			files = (
				A882B1AF225E0CA80064B6D0 /* Assets.xcassets in Resources */,
				A882B1B2225E0CA80064B6D0 /* Main.storyboard in Resources */,
			);
			runOnlyForDeploymentPostprocessing = 0;
		};
		A882B1B7225E0CA80064B6D0 /* Resources */ = {
			isa = PBXResourcesBuildPhase;
			buildActionMask = 2147483647;
			files = (
			);
			runOnlyForDeploymentPostprocessing = 0;
		};
		A882B1C2225E0CA80064B6D0 /* Resources */ = {
			isa = PBXResourcesBuildPhase;
			buildActionMask = 2147483647;
			files = (
			);
			runOnlyForDeploymentPostprocessing = 0;
		};
/* End PBXResourcesBuildPhase section */

/* Begin PBXShellScriptBuildPhase section */
		B3FB4BA39C58688401AB1418 /* [CP] Embed Pods Frameworks */ = {
			isa = PBXShellScriptBuildPhase;
			buildActionMask = 2147483647;
			files = (
			);
			inputFileListPaths = (
			);
			inputPaths = (
				"${PODS_ROOT}/Target Support Files/Pods-HockeyArenaCalculator/Pods-HockeyArenaCalculator-frameworks.sh",
				"${BUILT_PRODUCTS_DIR}/Marshal/Marshal.framework",
				"${BUILT_PRODUCTS_DIR}/Realm/Realm.framework",
				"${BUILT_PRODUCTS_DIR}/RealmSwift/RealmSwift.framework",
				"${BUILT_PRODUCTS_DIR}/RxAtomic/RxAtomic.framework",
				"${BUILT_PRODUCTS_DIR}/RxCocoa/RxCocoa.framework",
				"${BUILT_PRODUCTS_DIR}/RxSwift/RxSwift.framework",
				"${BUILT_PRODUCTS_DIR}/SnapKit/SnapKit.framework",
			);
			name = "[CP] Embed Pods Frameworks";
			outputFileListPaths = (
			);
			outputPaths = (
				"${TARGET_BUILD_DIR}/${FRAMEWORKS_FOLDER_PATH}/Marshal.framework",
				"${TARGET_BUILD_DIR}/${FRAMEWORKS_FOLDER_PATH}/Realm.framework",
				"${TARGET_BUILD_DIR}/${FRAMEWORKS_FOLDER_PATH}/RealmSwift.framework",
				"${TARGET_BUILD_DIR}/${FRAMEWORKS_FOLDER_PATH}/RxAtomic.framework",
				"${TARGET_BUILD_DIR}/${FRAMEWORKS_FOLDER_PATH}/RxCocoa.framework",
				"${TARGET_BUILD_DIR}/${FRAMEWORKS_FOLDER_PATH}/RxSwift.framework",
				"${TARGET_BUILD_DIR}/${FRAMEWORKS_FOLDER_PATH}/SnapKit.framework",
			);
			runOnlyForDeploymentPostprocessing = 0;
			shellPath = /bin/sh;
			shellScript = "\"${PODS_ROOT}/Target Support Files/Pods-HockeyArenaCalculator/Pods-HockeyArenaCalculator-frameworks.sh\"\n";
			showEnvVarsInLog = 0;
		};
		F5A3D1A3C6BA5CF75F9F1F01 /* [CP] Check Pods Manifest.lock */ = {
			isa = PBXShellScriptBuildPhase;
			buildActionMask = 2147483647;
			files = (
			);
			inputFileListPaths = (
			);
			inputPaths = (
				"${PODS_PODFILE_DIR_PATH}/Podfile.lock",
				"${PODS_ROOT}/Manifest.lock",
			);
			name = "[CP] Check Pods Manifest.lock";
			outputFileListPaths = (
			);
			outputPaths = (
				"$(DERIVED_FILE_DIR)/Pods-HockeyArenaCalculator-checkManifestLockResult.txt",
			);
			runOnlyForDeploymentPostprocessing = 0;
			shellPath = /bin/sh;
			shellScript = "diff \"${PODS_PODFILE_DIR_PATH}/Podfile.lock\" \"${PODS_ROOT}/Manifest.lock\" > /dev/null\nif [ $? != 0 ] ; then\n    # print error to STDERR\n    echo \"error: The sandbox is not in sync with the Podfile.lock. Run 'pod install' or update your CocoaPods installation.\" >&2\n    exit 1\nfi\n# This output is used by Xcode 'outputs' to avoid re-running this script phase.\necho \"SUCCESS\" > \"${SCRIPT_OUTPUT_FILE_0}\"\n";
			showEnvVarsInLog = 0;
		};
/* End PBXShellScriptBuildPhase section */

/* Begin PBXSourcesBuildPhase section */
		A882B1A3225E0CA50064B6D0 /* Sources */ = {
			isa = PBXSourcesBuildPhase;
			buildActionMask = 2147483647;
			files = (
				A8A6F85E2266210900ADC352 /* MenuTableView.swift in Sources */,
				A8A6F8502265FFEB00ADC352 /* MenuCell.swift in Sources */,
				A8B551942264B93F002FB5EA /* MainViewModel.swift in Sources */,
				A8A6F857226614B900ADC352 /* PlayersView.swift in Sources */,
				A8A6F86B226768C700ADC352 /* MenuCellModel.swift in Sources */,
				A8A6F8542266117B00ADC352 /* PlayersViewModel.swift in Sources */,
				A8A6F85C226617AD00ADC352 /* MenuView.swift in Sources */,
				A8A6F8612266ADF400ADC352 /* StyleGuide.swift in Sources */,
				A882B1AD225E0CA50064B6D0 /* MainViewController.swift in Sources */,
				A8189CFD225EC7E1009AD099 /* Player.swift in Sources */,
				A8E7182F2260D00B0004920F /* MainMenu.swift in Sources */,
				A882B1AB225E0CA50064B6D0 /* AppDelegate.swift in Sources */,
			);
			runOnlyForDeploymentPostprocessing = 0;
		};
		A882B1B5225E0CA80064B6D0 /* Sources */ = {
			isa = PBXSourcesBuildPhase;
			buildActionMask = 2147483647;
			files = (
				A882B1BE225E0CA80064B6D0 /* HockeyArenaCalculatorTests.swift in Sources */,
			);
			runOnlyForDeploymentPostprocessing = 0;
		};
		A882B1C0225E0CA80064B6D0 /* Sources */ = {
			isa = PBXSourcesBuildPhase;
			buildActionMask = 2147483647;
			files = (
				A882B1C9225E0CA80064B6D0 /* HockeyArenaCalculatorUITests.swift in Sources */,
			);
			runOnlyForDeploymentPostprocessing = 0;
		};
/* End PBXSourcesBuildPhase section */

/* Begin PBXTargetDependency section */
		A882B1BB225E0CA80064B6D0 /* PBXTargetDependency */ = {
			isa = PBXTargetDependency;
			target = A882B1A6225E0CA50064B6D0 /* HockeyArenaCalculator */;
			targetProxy = A882B1BA225E0CA80064B6D0 /* PBXContainerItemProxy */;
		};
		A882B1C6225E0CA80064B6D0 /* PBXTargetDependency */ = {
			isa = PBXTargetDependency;
			target = A882B1A6225E0CA50064B6D0 /* HockeyArenaCalculator */;
			targetProxy = A882B1C5225E0CA80064B6D0 /* PBXContainerItemProxy */;
		};
/* End PBXTargetDependency section */

/* Begin PBXVariantGroup section */
		A882B1B0225E0CA80064B6D0 /* Main.storyboard */ = {
			isa = PBXVariantGroup;
			children = (
				A882B1B1225E0CA80064B6D0 /* Base */,
			);
			name = Main.storyboard;
			sourceTree = "<group>";
		};
/* End PBXVariantGroup section */

/* Begin XCBuildConfiguration section */
		A882B1CB225E0CA80064B6D0 /* Debug */ = {
			isa = XCBuildConfiguration;
			buildSettings = {
				ALWAYS_SEARCH_USER_PATHS = NO;
				CLANG_ANALYZER_NONNULL = YES;
				CLANG_ANALYZER_NUMBER_OBJECT_CONVERSION = YES_AGGRESSIVE;
				CLANG_CXX_LANGUAGE_STANDARD = "gnu++14";
				CLANG_CXX_LIBRARY = "libc++";
				CLANG_ENABLE_MODULES = YES;
				CLANG_ENABLE_OBJC_ARC = YES;
				CLANG_ENABLE_OBJC_WEAK = YES;
				CLANG_WARN_BLOCK_CAPTURE_AUTORELEASING = YES;
				CLANG_WARN_BOOL_CONVERSION = YES;
				CLANG_WARN_COMMA = YES;
				CLANG_WARN_CONSTANT_CONVERSION = YES;
				CLANG_WARN_DEPRECATED_OBJC_IMPLEMENTATIONS = YES;
				CLANG_WARN_DIRECT_OBJC_ISA_USAGE = YES_ERROR;
				CLANG_WARN_DOCUMENTATION_COMMENTS = YES;
				CLANG_WARN_EMPTY_BODY = YES;
				CLANG_WARN_ENUM_CONVERSION = YES;
				CLANG_WARN_INFINITE_RECURSION = YES;
				CLANG_WARN_INT_CONVERSION = YES;
				CLANG_WARN_NON_LITERAL_NULL_CONVERSION = YES;
				CLANG_WARN_OBJC_IMPLICIT_RETAIN_SELF = YES;
				CLANG_WARN_OBJC_LITERAL_CONVERSION = YES;
				CLANG_WARN_OBJC_ROOT_CLASS = YES_ERROR;
				CLANG_WARN_RANGE_LOOP_ANALYSIS = YES;
				CLANG_WARN_STRICT_PROTOTYPES = YES;
				CLANG_WARN_SUSPICIOUS_MOVE = YES;
				CLANG_WARN_UNGUARDED_AVAILABILITY = YES_AGGRESSIVE;
				CLANG_WARN_UNREACHABLE_CODE = YES;
				CLANG_WARN__DUPLICATE_METHOD_MATCH = YES;
				CODE_SIGN_IDENTITY = "-";
				COPY_PHASE_STRIP = NO;
				DEBUG_INFORMATION_FORMAT = dwarf;
				ENABLE_STRICT_OBJC_MSGSEND = YES;
				ENABLE_TESTABILITY = YES;
				GCC_C_LANGUAGE_STANDARD = gnu11;
				GCC_DYNAMIC_NO_PIC = NO;
				GCC_NO_COMMON_BLOCKS = YES;
				GCC_OPTIMIZATION_LEVEL = 0;
				GCC_PREPROCESSOR_DEFINITIONS = (
					"DEBUG=1",
					"$(inherited)",
				);
				GCC_WARN_64_TO_32_BIT_CONVERSION = YES;
				GCC_WARN_ABOUT_RETURN_TYPE = YES_ERROR;
				GCC_WARN_UNDECLARED_SELECTOR = YES;
				GCC_WARN_UNINITIALIZED_AUTOS = YES_AGGRESSIVE;
				GCC_WARN_UNUSED_FUNCTION = YES;
				GCC_WARN_UNUSED_VARIABLE = YES;
				MACOSX_DEPLOYMENT_TARGET = 10.14;
				MTL_ENABLE_DEBUG_INFO = INCLUDE_SOURCE;
				MTL_FAST_MATH = YES;
				ONLY_ACTIVE_ARCH = YES;
				SDKROOT = macosx;
				SWIFT_ACTIVE_COMPILATION_CONDITIONS = DEBUG;
				SWIFT_OPTIMIZATION_LEVEL = "-Onone";
			};
			name = Debug;
		};
		A882B1CC225E0CA80064B6D0 /* Release */ = {
			isa = XCBuildConfiguration;
			buildSettings = {
				ALWAYS_SEARCH_USER_PATHS = NO;
				CLANG_ANALYZER_NONNULL = YES;
				CLANG_ANALYZER_NUMBER_OBJECT_CONVERSION = YES_AGGRESSIVE;
				CLANG_CXX_LANGUAGE_STANDARD = "gnu++14";
				CLANG_CXX_LIBRARY = "libc++";
				CLANG_ENABLE_MODULES = YES;
				CLANG_ENABLE_OBJC_ARC = YES;
				CLANG_ENABLE_OBJC_WEAK = YES;
				CLANG_WARN_BLOCK_CAPTURE_AUTORELEASING = YES;
				CLANG_WARN_BOOL_CONVERSION = YES;
				CLANG_WARN_COMMA = YES;
				CLANG_WARN_CONSTANT_CONVERSION = YES;
				CLANG_WARN_DEPRECATED_OBJC_IMPLEMENTATIONS = YES;
				CLANG_WARN_DIRECT_OBJC_ISA_USAGE = YES_ERROR;
				CLANG_WARN_DOCUMENTATION_COMMENTS = YES;
				CLANG_WARN_EMPTY_BODY = YES;
				CLANG_WARN_ENUM_CONVERSION = YES;
				CLANG_WARN_INFINITE_RECURSION = YES;
				CLANG_WARN_INT_CONVERSION = YES;
				CLANG_WARN_NON_LITERAL_NULL_CONVERSION = YES;
				CLANG_WARN_OBJC_IMPLICIT_RETAIN_SELF = YES;
				CLANG_WARN_OBJC_LITERAL_CONVERSION = YES;
				CLANG_WARN_OBJC_ROOT_CLASS = YES_ERROR;
				CLANG_WARN_RANGE_LOOP_ANALYSIS = YES;
				CLANG_WARN_STRICT_PROTOTYPES = YES;
				CLANG_WARN_SUSPICIOUS_MOVE = YES;
				CLANG_WARN_UNGUARDED_AVAILABILITY = YES_AGGRESSIVE;
				CLANG_WARN_UNREACHABLE_CODE = YES;
				CLANG_WARN__DUPLICATE_METHOD_MATCH = YES;
				CODE_SIGN_IDENTITY = "-";
				COPY_PHASE_STRIP = NO;
				DEBUG_INFORMATION_FORMAT = "dwarf-with-dsym";
				ENABLE_NS_ASSERTIONS = NO;
				ENABLE_STRICT_OBJC_MSGSEND = YES;
				GCC_C_LANGUAGE_STANDARD = gnu11;
				GCC_NO_COMMON_BLOCKS = YES;
				GCC_WARN_64_TO_32_BIT_CONVERSION = YES;
				GCC_WARN_ABOUT_RETURN_TYPE = YES_ERROR;
				GCC_WARN_UNDECLARED_SELECTOR = YES;
				GCC_WARN_UNINITIALIZED_AUTOS = YES_AGGRESSIVE;
				GCC_WARN_UNUSED_FUNCTION = YES;
				GCC_WARN_UNUSED_VARIABLE = YES;
				MACOSX_DEPLOYMENT_TARGET = 10.14;
				MTL_ENABLE_DEBUG_INFO = NO;
				MTL_FAST_MATH = YES;
				SDKROOT = macosx;
				SWIFT_COMPILATION_MODE = wholemodule;
				SWIFT_OPTIMIZATION_LEVEL = "-O";
			};
			name = Release;
		};
		A882B1CE225E0CA80064B6D0 /* Debug */ = {
			isa = XCBuildConfiguration;
			baseConfigurationReference = D29C0D37E5F2A1A86344310B /* Pods-HockeyArenaCalculator.debug.xcconfig */;
			buildSettings = {
				ASSETCATALOG_COMPILER_APPICON_NAME = AppIcon;
				CODE_SIGN_ENTITLEMENTS = HockeyArenaCalculator/HockeyArenaCalculator.entitlements;
				CODE_SIGN_STYLE = Automatic;
				COMBINE_HIDPI_IMAGES = YES;
				INFOPLIST_FILE = HockeyArenaCalculator/Info.plist;
				LD_RUNPATH_SEARCH_PATHS = (
					"$(inherited)",
					"@executable_path/../Frameworks",
				);
				PRODUCT_BUNDLE_IDENTIFIER = mx.fernandomata.HockeyArenaCalculator;
				PRODUCT_NAME = "$(TARGET_NAME)";
				SWIFT_OBJC_BRIDGING_HEADER = "";
				SWIFT_VERSION = 5.0;
			};
			name = Debug;
		};
		A882B1CF225E0CA80064B6D0 /* Release */ = {
			isa = XCBuildConfiguration;
			baseConfigurationReference = 039ECBD74E533708832206C0 /* Pods-HockeyArenaCalculator.release.xcconfig */;
			buildSettings = {
				ASSETCATALOG_COMPILER_APPICON_NAME = AppIcon;
				CODE_SIGN_ENTITLEMENTS = HockeyArenaCalculator/HockeyArenaCalculator.entitlements;
				CODE_SIGN_STYLE = Automatic;
				COMBINE_HIDPI_IMAGES = YES;
				INFOPLIST_FILE = HockeyArenaCalculator/Info.plist;
				LD_RUNPATH_SEARCH_PATHS = (
					"$(inherited)",
					"@executable_path/../Frameworks",
				);
				PRODUCT_BUNDLE_IDENTIFIER = mx.fernandomata.HockeyArenaCalculator;
				PRODUCT_NAME = "$(TARGET_NAME)";
				SWIFT_OBJC_BRIDGING_HEADER = "";
				SWIFT_VERSION = 5.0;
			};
			name = Release;
		};
		A882B1D1225E0CA80064B6D0 /* Debug */ = {
			isa = XCBuildConfiguration;
			buildSettings = {
				ALWAYS_EMBED_SWIFT_STANDARD_LIBRARIES = YES;
				BUNDLE_LOADER = "$(TEST_HOST)";
				CODE_SIGN_STYLE = Automatic;
				COMBINE_HIDPI_IMAGES = YES;
				INFOPLIST_FILE = HockeyArenaCalculatorTests/Info.plist;
				LD_RUNPATH_SEARCH_PATHS = (
					"$(inherited)",
					"@executable_path/../Frameworks",
					"@loader_path/../Frameworks",
				);
				PRODUCT_BUNDLE_IDENTIFIER = mx.fernandomata.HockeyArenaCalculatorTests;
				PRODUCT_NAME = "$(TARGET_NAME)";
				SWIFT_VERSION = 5.0;
				TEST_HOST = "$(BUILT_PRODUCTS_DIR)/HockeyArenaCalculator.app/Contents/MacOS/HockeyArenaCalculator";
			};
			name = Debug;
		};
		A882B1D2225E0CA80064B6D0 /* Release */ = {
			isa = XCBuildConfiguration;
			buildSettings = {
				ALWAYS_EMBED_SWIFT_STANDARD_LIBRARIES = YES;
				BUNDLE_LOADER = "$(TEST_HOST)";
				CODE_SIGN_STYLE = Automatic;
				COMBINE_HIDPI_IMAGES = YES;
				INFOPLIST_FILE = HockeyArenaCalculatorTests/Info.plist;
				LD_RUNPATH_SEARCH_PATHS = (
					"$(inherited)",
					"@executable_path/../Frameworks",
					"@loader_path/../Frameworks",
				);
				PRODUCT_BUNDLE_IDENTIFIER = mx.fernandomata.HockeyArenaCalculatorTests;
				PRODUCT_NAME = "$(TARGET_NAME)";
				SWIFT_VERSION = 5.0;
				TEST_HOST = "$(BUILT_PRODUCTS_DIR)/HockeyArenaCalculator.app/Contents/MacOS/HockeyArenaCalculator";
			};
			name = Release;
		};
		A882B1D4225E0CA80064B6D0 /* Debug */ = {
			isa = XCBuildConfiguration;
			buildSettings = {
				ALWAYS_EMBED_SWIFT_STANDARD_LIBRARIES = YES;
				CODE_SIGN_STYLE = Automatic;
				COMBINE_HIDPI_IMAGES = YES;
				INFOPLIST_FILE = HockeyArenaCalculatorUITests/Info.plist;
				LD_RUNPATH_SEARCH_PATHS = (
					"$(inherited)",
					"@executable_path/../Frameworks",
					"@loader_path/../Frameworks",
				);
				PRODUCT_BUNDLE_IDENTIFIER = mx.fernandomata.HockeyArenaCalculatorUITests;
				PRODUCT_NAME = "$(TARGET_NAME)";
				SWIFT_VERSION = 5.0;
				TEST_TARGET_NAME = HockeyArenaCalculator;
			};
			name = Debug;
		};
		A882B1D5225E0CA80064B6D0 /* Release */ = {
			isa = XCBuildConfiguration;
			buildSettings = {
				ALWAYS_EMBED_SWIFT_STANDARD_LIBRARIES = YES;
				CODE_SIGN_STYLE = Automatic;
				COMBINE_HIDPI_IMAGES = YES;
				INFOPLIST_FILE = HockeyArenaCalculatorUITests/Info.plist;
				LD_RUNPATH_SEARCH_PATHS = (
					"$(inherited)",
					"@executable_path/../Frameworks",
					"@loader_path/../Frameworks",
				);
				PRODUCT_BUNDLE_IDENTIFIER = mx.fernandomata.HockeyArenaCalculatorUITests;
				PRODUCT_NAME = "$(TARGET_NAME)";
				SWIFT_VERSION = 5.0;
				TEST_TARGET_NAME = HockeyArenaCalculator;
			};
			name = Release;
		};
/* End XCBuildConfiguration section */

/* Begin XCConfigurationList section */
		A882B1A2225E0CA50064B6D0 /* Build configuration list for PBXProject "HockeyArenaCalculator" */ = {
			isa = XCConfigurationList;
			buildConfigurations = (
				A882B1CB225E0CA80064B6D0 /* Debug */,
				A882B1CC225E0CA80064B6D0 /* Release */,
			);
			defaultConfigurationIsVisible = 0;
			defaultConfigurationName = Release;
		};
		A882B1CD225E0CA80064B6D0 /* Build configuration list for PBXNativeTarget "HockeyArenaCalculator" */ = {
			isa = XCConfigurationList;
			buildConfigurations = (
				A882B1CE225E0CA80064B6D0 /* Debug */,
				A882B1CF225E0CA80064B6D0 /* Release */,
			);
			defaultConfigurationIsVisible = 0;
			defaultConfigurationName = Release;
		};
		A882B1D0225E0CA80064B6D0 /* Build configuration list for PBXNativeTarget "HockeyArenaCalculatorTests" */ = {
			isa = XCConfigurationList;
			buildConfigurations = (
				A882B1D1225E0CA80064B6D0 /* Debug */,
				A882B1D2225E0CA80064B6D0 /* Release */,
			);
			defaultConfigurationIsVisible = 0;
			defaultConfigurationName = Release;
		};
		A882B1D3225E0CA80064B6D0 /* Build configuration list for PBXNativeTarget "HockeyArenaCalculatorUITests" */ = {
			isa = XCConfigurationList;
			buildConfigurations = (
				A882B1D4225E0CA80064B6D0 /* Debug */,
				A882B1D5225E0CA80064B6D0 /* Release */,
			);
			defaultConfigurationIsVisible = 0;
			defaultConfigurationName = Release;
		};
/* End XCConfigurationList section */
	};
	rootObject = A882B19F225E0CA50064B6D0 /* Project object */;
}
